
Microsoft Visual Studio Solution File, Format Version 12.00
# Visual Studio Version 17
VisualStudioVersion = 17.5.002.0
MinimumVisualStudioVersion = 10.0.40219.1
Project("{9A19103F-16F7-4668-BE54-9A1E7A4F7556}") = "tdd-projeto", "tdd-projeto\tdd-projeto.csproj", "{8EEB1EEA-71FF-4ED9-AB26-80E38336A222}"
EndProject
Project("{9A19103F-16F7-4668-BE54-9A1E7A4F7556}") = "testes-tdd", "testes-tdd-projeto\testes-tdd.csproj", "{4B90BF3F-7584-4920-A9BA-C2CACE9D3BF2}"
EndProject
Global
	GlobalSection(SolutionConfigurationPlatforms) = preSolution
		Debug|Any CPU = Debug|Any CPU
		Release|Any CPU = Release|Any CPU
	EndGlobalSection
	GlobalSection(ProjectConfigurationPlatforms) = postSolution
		{8EEB1EEA-71FF-4ED9-AB26-80E38336A222}.Debug|Any CPU.ActiveCfg = Debug|Any CPU
		{8EEB1EEA-71FF-4ED9-AB26-80E38336A222}.Debug|Any CPU.Build.0 = Debug|Any CPU
		{8EEB1EEA-71FF-4ED9-AB26-80E38336A222}.Release|Any CPU.ActiveCfg = Release|Any CPU
		{8EEB1EEA-71FF-4ED9-AB26-80E38336A222}.Release|Any CPU.Build.0 = Release|Any CPU
		{4B90BF3F-7584-4920-A9BA-C2CACE9D3BF2}.Debug|Any CPU.ActiveCfg = Debug|Any CPU
		{4B90BF3F-7584-4920-A9BA-C2CACE9D3BF2}.Debug|Any CPU.Build.0 = Debug|Any CPU
		{4B90BF3F-7584-4920-A9BA-C2CACE9D3BF2}.Release|Any CPU.ActiveCfg = Release|Any CPU
		{4B90BF3F-7584-4920-A9BA-C2CACE9D3BF2}.Release|Any CPU.Build.0 = Release|Any CPU
	EndGlobalSection
	GlobalSection(SolutionProperties) = preSolution
		HideSolutionNode = FALSE
	EndGlobalSection
	GlobalSection(ExtensibilityGlobals) = postSolution
		SolutionGuid = {8A060715-FF15-4CD8-8BBF-D027C5413F33}
	EndGlobalSection
EndGlobal
